// !$*UTF8*$!
{
	archiveVersion = 1;
	classes = {
	};
	objectVersion = 50;
	objects = {

/* Begin PBXBuildFile section */
		35D860CC249CFB9B0072EEFF /* main.m in Sources */ = {isa = PBXBuildFile; fileRef = 35D860CB249CFB9B0072EEFF /* main.m */; };
		35DC104B24F2537C00B74380 /* StringArray.c in Sources */ = {isa = PBXBuildFile; fileRef = 35DC104A24F2537C00B74380 /* StringArray.c */; };
		35DC104E24F253EA00B74380 /* DynamicPlanning.c in Sources */ = {isa = PBXBuildFile; fileRef = 35DC104D24F253EA00B74380 /* DynamicPlanning.c */; };
		35DC105024F2549400B74380 /* NumberArray.c in Sources */ = {isa = PBXBuildFile; fileRef = 35DC104F24F2549400B74380 /* NumberArray.c */; };
		35DC105224F255D500B74380 /* ListNode.c in Sources */ = {isa = PBXBuildFile; fileRef = 35DC105124F255D500B74380 /* ListNode.c */; };
		35F1590124FFE9B4000E177E /* StackQueue.c in Sources */ = {isa = PBXBuildFile; fileRef = 35F1590024FFE9B4000E177E /* StackQueue.c */; };
		D97FEA6524F3FB0700D53792 /* BinaryTree.c in Sources */ = {isa = PBXBuildFile; fileRef = D97FEA6424F3FB0700D53792 /* BinaryTree.c */; };
		D9D7EA8824A8A2F5003A698F /* Sort.c in Sources */ = {isa = PBXBuildFile; fileRef = D9D7EA8724A8A2F5003A698F /* Sort.c */; };
/* End PBXBuildFile section */

/* Begin PBXCopyFilesBuildPhase section */
		35D860C6249CFB9B0072EEFF /* CopyFiles */ = {
			isa = PBXCopyFilesBuildPhase;
			buildActionMask = 2147483647;
			dstPath = /usr/share/man/man1/;
			dstSubfolderSpec = 0;
			files = (
			);
			runOnlyForDeploymentPostprocessing = 1;
		};
/* End PBXCopyFilesBuildPhase section */

/* Begin PBXFileReference section */
		3566CF9924E9640800DB23F3 /* longestPalindrome.png */ = {isa = PBXFileReference; lastKnownFileType = image.png; path = longestPalindrome.png; sourceTree = "<group>"; };
		35B8B65624DE631600FE4DE9 /* algorithm.xcodeproj */ = {isa = PBXFileReference; lastKnownFileType = "wrapper.pb-project"; name = algorithm.xcodeproj; path = ../algorithm/algorithm.xcodeproj; sourceTree = "<group>"; };
		35D860C8249CFB9B0072EEFF /* LeetCode */ = {isa = PBXFileReference; explicitFileType = "compiled.mach-o.executable"; includeInIndex = 0; path = LeetCode; sourceTree = BUILT_PRODUCTS_DIR; };
		35D860CB249CFB9B0072EEFF /* main.m */ = {isa = PBXFileReference; lastKnownFileType = sourcecode.c.objc; path = main.m; sourceTree = "<group>"; };
		35D860D2249CFD6F0072EEFF /* LeetCode.h */ = {isa = PBXFileReference; lastKnownFileType = sourcecode.c.h; path = LeetCode.h; sourceTree = "<group>"; };
		35DC104A24F2537C00B74380 /* StringArray.c */ = {isa = PBXFileReference; lastKnownFileType = sourcecode.c.c; path = StringArray.c; sourceTree = "<group>"; };
		35DC104D24F253EA00B74380 /* DynamicPlanning.c */ = {isa = PBXFileReference; lastKnownFileType = sourcecode.c.c; path = DynamicPlanning.c; sourceTree = "<group>"; };
		35DC104F24F2549400B74380 /* NumberArray.c */ = {isa = PBXFileReference; lastKnownFileType = sourcecode.c.c; path = NumberArray.c; sourceTree = "<group>"; };
		35DC105124F255D500B74380 /* ListNode.c */ = {isa = PBXFileReference; lastKnownFileType = sourcecode.c.c; path = ListNode.c; sourceTree = "<group>"; };
		35F1590024FFE9B4000E177E /* StackQueue.c */ = {isa = PBXFileReference; lastKnownFileType = sourcecode.c.c; path = StackQueue.c; sourceTree = "<group>"; };
		35F1591A250142C4000E177E /* stackMaximumBinaryTree.png */ = {isa = PBXFileReference; lastKnownFileType = image.png; path = stackMaximumBinaryTree.png; sourceTree = "<group>"; };
		D97FEA6424F3FB0700D53792 /* BinaryTree.c */ = {isa = PBXFileReference; lastKnownFileType = sourcecode.c.c; path = BinaryTree.c; sourceTree = "<group>"; };
		D9D7EA8624A8A2F5003A698F /* Sort.h */ = {isa = PBXFileReference; lastKnownFileType = sourcecode.c.h; path = Sort.h; sourceTree = "<group>"; };
		D9D7EA8724A8A2F5003A698F /* Sort.c */ = {isa = PBXFileReference; lastKnownFileType = sourcecode.c.c; path = Sort.c; sourceTree = "<group>"; };
/* End PBXFileReference section */

/* Begin PBXFrameworksBuildPhase section */
		35D860C5249CFB9B0072EEFF /* Frameworks */ = {
			isa = PBXFrameworksBuildPhase;
			buildActionMask = 2147483647;
			files = (
			);
			runOnlyForDeploymentPostprocessing = 0;
		};
/* End PBXFrameworksBuildPhase section */

/* Begin PBXGroup section */
		3566CF9724E963EB00DB23F3 /* image */ = {
			isa = PBXGroup;
			children = (
				35F1591A250142C4000E177E /* stackMaximumBinaryTree.png */,
				3566CF9924E9640800DB23F3 /* longestPalindrome.png */,
			);
			path = image;
			sourceTree = "<group>";
		};
		35B8B65724DE631600FE4DE9 /* Products */ = {
			isa = PBXGroup;
			children = (
			);
			name = Products;
			sourceTree = "<group>";
		};
		35D860BF249CFB9B0072EEFF = {
			isa = PBXGroup;
			children = (
				35B8B65624DE631600FE4DE9 /* algorithm.xcodeproj */,
				35D860CA249CFB9B0072EEFF /* LeetCode */,
				35D860C9249CFB9B0072EEFF /* Products */,
			);
			sourceTree = "<group>";
		};
		35D860C9249CFB9B0072EEFF /* Products */ = {
			isa = PBXGroup;
			children = (
				35D860C8249CFB9B0072EEFF /* LeetCode */,
			);
			name = Products;
			sourceTree = "<group>";
		};
		35D860CA249CFB9B0072EEFF /* LeetCode */ = {
			isa = PBXGroup;
			children = (
				3566CF9724E963EB00DB23F3 /* image */,
				D9D7EA8524A8A2E6003A698F /* Sort */,
				35D860CB249CFB9B0072EEFF /* main.m */,
				35D860D2249CFD6F0072EEFF /* LeetCode.h */,
				35DC104A24F2537C00B74380 /* StringArray.c */,
				35DC104F24F2549400B74380 /* NumberArray.c */,
				35DC105124F255D500B74380 /* ListNode.c */,
				35DC104D24F253EA00B74380 /* DynamicPlanning.c */,
				D97FEA6424F3FB0700D53792 /* BinaryTree.c */,
				35F1590024FFE9B4000E177E /* StackQueue.c */,
			);
			path = LeetCode;
			sourceTree = "<group>";
		};
		D9D7EA8524A8A2E6003A698F /* Sort */ = {
			isa = PBXGroup;
			children = (
				D9D7EA8624A8A2F5003A698F /* Sort.h */,
				D9D7EA8724A8A2F5003A698F /* Sort.c */,
			);
			path = Sort;
			sourceTree = "<group>";
		};
/* End PBXGroup section */

/* Begin PBXNativeTarget section */
		35D860C7249CFB9B0072EEFF /* LeetCode */ = {
			isa = PBXNativeTarget;
			buildConfigurationList = 35D860CF249CFB9B0072EEFF /* Build configuration list for PBXNativeTarget "LeetCode" */;
			buildPhases = (
				35D860C4249CFB9B0072EEFF /* Sources */,
				35D860C5249CFB9B0072EEFF /* Frameworks */,
				35D860C6249CFB9B0072EEFF /* CopyFiles */,
			);
			buildRules = (
			);
			dependencies = (
			);
			name = LeetCode;
			productName = LeetCode;
			productReference = 35D860C8249CFB9B0072EEFF /* LeetCode */;
			productType = "com.apple.product-type.tool";
		};
/* End PBXNativeTarget section */

/* Begin PBXProject section */
		35D860C0249CFB9B0072EEFF /* Project object */ = {
			isa = PBXProject;
			attributes = {
				LastUpgradeCheck = 1010;
				ORGANIZATIONNAME = leon;
				TargetAttributes = {
					35D860C7249CFB9B0072EEFF = {
						CreatedOnToolsVersion = 10.1;
					};
				};
			};
			buildConfigurationList = 35D860C3249CFB9B0072EEFF /* Build configuration list for PBXProject "LeetCode" */;
			compatibilityVersion = "Xcode 9.3";
			developmentRegion = en;
			hasScannedForEncodings = 0;
			knownRegions = (
				en,
			);
			mainGroup = 35D860BF249CFB9B0072EEFF;
			productRefGroup = 35D860C9249CFB9B0072EEFF /* Products */;
			projectDirPath = "";
			projectReferences = (
				{
					ProductGroup = 35B8B65724DE631600FE4DE9 /* Products */;
					ProjectRef = 35B8B65624DE631600FE4DE9 /* algorithm.xcodeproj */;
				},
			);
			projectRoot = "";
			targets = (
				35D860C7249CFB9B0072EEFF /* LeetCode */,
			);
		};
/* End PBXProject section */

/* Begin PBXSourcesBuildPhase section */
		35D860C4249CFB9B0072EEFF /* Sources */ = {
			isa = PBXSourcesBuildPhase;
			buildActionMask = 2147483647;
			files = (
				35F1590124FFE9B4000E177E /* StackQueue.c in Sources */,
				35DC104B24F2537C00B74380 /* StringArray.c in Sources */,
				35DC105224F255D500B74380 /* ListNode.c in Sources */,
				35DC105024F2549400B74380 /* NumberArray.c in Sources */,
				35DC104E24F253EA00B74380 /* DynamicPlanning.c in Sources */,
				D9D7EA8824A8A2F5003A698F /* Sort.c in Sources */,
				35D860CC249CFB9B0072EEFF /* main.m in Sources */,
				D97FEA6524F3FB0700D53792 /* BinaryTree.c in Sources */,
			);
			runOnlyForDeploymentPostprocessing = 0;
		};
/* End PBXSourcesBuildPhase section */

/* Begin XCBuildConfiguration section */
		35D860CD249CFB9B0072EEFF /* Debug */ = {
			isa = XCBuildConfiguration;
			buildSettings = {
				ALWAYS_SEARCH_USER_PATHS = NO;
				CLANG_ANALYZER_NONNULL = YES;
				CLANG_ANALYZER_NUMBER_OBJECT_CONVERSION = YES_AGGRESSIVE;
				CLANG_CXX_LANGUAGE_STANDARD = "gnu++14";
				CLANG_CXX_LIBRARY = "libc++";
				CLANG_ENABLE_MODULES = YES;
				CLANG_ENABLE_OBJC_ARC = YES;
				CLANG_ENABLE_OBJC_WEAK = YES;
				CLANG_WARN_BLOCK_CAPTURE_AUTORELEASING = YES;
				CLANG_WARN_BOOL_CONVERSION = YES;
				CLANG_WARN_COMMA = YES;
				CLANG_WARN_CONSTANT_CONVERSION = YES;
				CLANG_WARN_DEPRECATED_OBJC_IMPLEMENTATIONS = YES;
				CLANG_WARN_DIRECT_OBJC_ISA_USAGE = YES_ERROR;
				CLANG_WARN_DOCUMENTATION_COMMENTS = YES;
				CLANG_WARN_EMPTY_BODY = YES;
				CLANG_WARN_ENUM_CONVERSION = YES;
				CLANG_WARN_INFINITE_RECURSION = YES;
				CLANG_WARN_INT_CONVERSION = YES;
				CLANG_WARN_NON_LITERAL_NULL_CONVERSION = YES;
				CLANG_WARN_OBJC_IMPLICIT_RETAIN_SELF = YES;
				CLANG_WARN_OBJC_LITERAL_CONVERSION = YES;
				CLANG_WARN_OBJC_ROOT_CLASS = YES_ERROR;
				CLANG_WARN_RANGE_LOOP_ANALYSIS = YES;
				CLANG_WARN_STRICT_PROTOTYPES = YES;
				CLANG_WARN_SUSPICIOUS_MOVE = YES;
				CLANG_WARN_UNGUARDED_AVAILABILITY = YES_AGGRESSIVE;
				CLANG_WARN_UNREACHABLE_CODE = YES;
				CLANG_WARN__DUPLICATE_METHOD_MATCH = YES;
				CODE_SIGN_IDENTITY = "-";
				COPY_PHASE_STRIP = NO;
				DEBUG_INFORMATION_FORMAT = dwarf;
				ENABLE_STRICT_OBJC_MSGSEND = YES;
				ENABLE_TESTABILITY = YES;
				GCC_C_LANGUAGE_STANDARD = gnu11;
				GCC_DYNAMIC_NO_PIC = NO;
				GCC_NO_COMMON_BLOCKS = YES;
				GCC_OPTIMIZATION_LEVEL = 0;
				GCC_PREPROCESSOR_DEFINITIONS = (
					"DEBUG=1",
					"$(inherited)",
				);
				GCC_WARN_64_TO_32_BIT_CONVERSION = YES;
				GCC_WARN_ABOUT_RETURN_TYPE = YES_ERROR;
				GCC_WARN_UNDECLARED_SELECTOR = YES;
				GCC_WARN_UNINITIALIZED_AUTOS = YES_AGGRESSIVE;
				GCC_WARN_UNUSED_FUNCTION = YES;
				GCC_WARN_UNUSED_VARIABLE = YES;
				MACOSX_DEPLOYMENT_TARGET = 10.15;
				MTL_ENABLE_DEBUG_INFO = INCLUDE_SOURCE;
				MTL_FAST_MATH = YES;
				ONLY_ACTIVE_ARCH = YES;
				SDKROOT = macosx;
			};
			name = Debug;
		};
		35D860CE249CFB9B0072EEFF /* Release */ = {
			isa = XCBuildConfiguration;
			buildSettings = {
				ALWAYS_SEARCH_USER_PATHS = NO;
				CLANG_ANALYZER_NONNULL = YES;
				CLANG_ANALYZER_NUMBER_OBJECT_CONVERSION = YES_AGGRESSIVE;
				CLANG_CXX_LANGUAGE_STANDARD = "gnu++14";
				CLANG_CXX_LIBRARY = "libc++";
				CLANG_ENABLE_MODULES = YES;
				CLANG_ENABLE_OBJC_ARC = YES;
				CLANG_ENABLE_OBJC_WEAK = YES;
				CLANG_WARN_BLOCK_CAPTURE_AUTORELEASING = YES;
				CLANG_WARN_BOOL_CONVERSION = YES;
				CLANG_WARN_COMMA = YES;
				CLANG_WARN_CONSTANT_CONVERSION = YES;
				CLANG_WARN_DEPRECATED_OBJC_IMPLEMENTATIONS = YES;
				CLANG_WARN_DIRECT_OBJC_ISA_USAGE = YES_ERROR;
				CLANG_WARN_DOCUMENTATION_COMMENTS = YES;
				CLANG_WARN_EMPTY_BODY = YES;
				CLANG_WARN_ENUM_CONVERSION = YES;
				CLANG_WARN_INFINITE_RECURSION = YES;
				CLANG_WARN_INT_CONVERSION = YES;
				CLANG_WARN_NON_LITERAL_NULL_CONVERSION = YES;
				CLANG_WARN_OBJC_IMPLICIT_RETAIN_SELF = YES;
				CLANG_WARN_OBJC_LITERAL_CONVERSION = YES;
				CLANG_WARN_OBJC_ROOT_CLASS = YES_ERROR;
				CLANG_WARN_RANGE_LOOP_ANALYSIS = YES;
				CLANG_WARN_STRICT_PROTOTYPES = YES;
				CLANG_WARN_SUSPICIOUS_MOVE = YES;
				CLANG_WARN_UNGUARDED_AVAILABILITY = YES_AGGRESSIVE;
				CLANG_WARN_UNREACHABLE_CODE = YES;
				CLANG_WARN__DUPLICATE_METHOD_MATCH = YES;
				CODE_SIGN_IDENTITY = "-";
				COPY_PHASE_STRIP = NO;
				DEBUG_INFORMATION_FORMAT = "dwarf-with-dsym";
				ENABLE_NS_ASSERTIONS = NO;
				ENABLE_STRICT_OBJC_MSGSEND = YES;
				GCC_C_LANGUAGE_STANDARD = gnu11;
				GCC_NO_COMMON_BLOCKS = YES;
				GCC_WARN_64_TO_32_BIT_CONVERSION = YES;
				GCC_WARN_ABOUT_RETURN_TYPE = YES_ERROR;
				GCC_WARN_UNDECLARED_SELECTOR = YES;
				GCC_WARN_UNINITIALIZED_AUTOS = YES_AGGRESSIVE;
				GCC_WARN_UNUSED_FUNCTION = YES;
				GCC_WARN_UNUSED_VARIABLE = YES;
				MACOSX_DEPLOYMENT_TARGET = 10.15;
				MTL_ENABLE_DEBUG_INFO = NO;
				MTL_FAST_MATH = YES;
				SDKROOT = macosx;
			};
			name = Release;
		};
		35D860D0249CFB9B0072EEFF /* Debug */ = {
			isa = XCBuildConfiguration;
			buildSettings = {
				CODE_SIGN_STYLE = Automatic;
				MACOSX_DEPLOYMENT_TARGET = 10.10;
				PRODUCT_NAME = "$(TARGET_NAME)";
			};
			name = Debug;
		};
		35D860D1249CFB9B0072EEFF /* Release */ = {
			isa = XCBuildConfiguration;
			buildSettings = {
				CODE_SIGN_STYLE = Automatic;
				MACOSX_DEPLOYMENT_TARGET = 10.10;
				PRODUCT_NAME = "$(TARGET_NAME)";
			};
			name = Release;
		};
/* End XCBuildConfiguration section */

/* Begin XCConfigurationList section */
		35D860C3249CFB9B0072EEFF /* Build configuration list for PBXProject "LeetCode" */ = {
			isa = XCConfigurationList;
			buildConfigurations = (
				35D860CD249CFB9B0072EEFF /* Debug */,
				35D860CE249CFB9B0072EEFF /* Release */,
			);
			defaultConfigurationIsVisible = 0;
			defaultConfigurationName = Release;
		};
		35D860CF249CFB9B0072EEFF /* Build configuration list for PBXNativeTarget "LeetCode" */ = {
			isa = XCConfigurationList;
			buildConfigurations = (
				35D860D0249CFB9B0072EEFF /* Debug */,
				35D860D1249CFB9B0072EEFF /* Release */,
			);
			defaultConfigurationIsVisible = 0;
			defaultConfigurationName = Release;
		};
/* End XCConfigurationList section */
	};
	rootObject = 35D860C0249CFB9B0072EEFF /* Project object */;
}
