// !$*UTF8*$!
{
	archiveVersion = 1;
	classes = {
	};
	objectVersion = 46;
	objects = {

/* Begin PBXBuildFile section */
		351509F71FDD347B00465413 /* main.c in Sources */ = {isa = PBXBuildFile; fileRef = 351509F61FDD347B00465413 /* main.c */; };
		35D42D2C1FD7D0A800A8C9A5 /* main.c in Sources */ = {isa = PBXBuildFile; fileRef = 35D42D2B1FD7D0A800A8C9A5 /* main.c */; };
		35D42D321FD7D0C400A8C9A5 /* queue.c in Sources */ = {isa = PBXBuildFile; fileRef = 35D42D311FD7D0C400A8C9A5 /* queue.c */; };
		35D42D351FD7E53000A8C9A5 /* ADTTree.c in Sources */ = {isa = PBXBuildFile; fileRef = 35D42D341FD7E53000A8C9A5 /* ADTTree.c */; };
		35D42D381FD7FBBF00A8C9A5 /* AVLTree.c in Sources */ = {isa = PBXBuildFile; fileRef = 35D42D371FD7FBBF00A8C9A5 /* AVLTree.c */; };
		35E2CFAA1FD8EE1500BF7EF2 /* main.c in Sources */ = {isa = PBXBuildFile; fileRef = 35E2CFA91FD8EE1500BF7EF2 /* main.c */; };
		35E2CFB01FD905BD00BF7EF2 /* BinHeap.c in Sources */ = {isa = PBXBuildFile; fileRef = 35E2CFAF1FD905BD00BF7EF2 /* BinHeap.c */; };
		4F17B7AA1E9DBF2C00EDEEBA /* main.c in Sources */ = {isa = PBXBuildFile; fileRef = 4F17B7A91E9DBF2C00EDEEBA /* main.c */; };
		4F17B7B21E9DBF4000EDEEBA /* list.c in Sources */ = {isa = PBXBuildFile; fileRef = 4F17B7B01E9DBF4000EDEEBA /* list.c */; };
		4FC0C2001E9F1F5900A9D63D /* stackli.c in Sources */ = {isa = PBXBuildFile; fileRef = 4FC0C1FE1E9F1F5900A9D63D /* stackli.c */; };
		4FC0C2021E9F205000A9D63D /* readme.md in Sources */ = {isa = PBXBuildFile; fileRef = 4FC0C2011E9F205000A9D63D /* readme.md */; };
		4FC0C2061E9F347800A9D63D /* MyList.c in Sources */ = {isa = PBXBuildFile; fileRef = 4FC0C2041E9F347800A9D63D /* MyList.c */; };
		4FC0C20B1E9F370E00A9D63D /* CaculateBasic.c in Sources */ = {isa = PBXBuildFile; fileRef = 4FC0C2091E9F370E00A9D63D /* CaculateBasic.c */; };
		4FC0C20C1E9F370E00A9D63D /* CaculateBasic.c in Sources */ = {isa = PBXBuildFile; fileRef = 4FC0C2091E9F370E00A9D63D /* CaculateBasic.c */; };
		4FC0C2141E9F3B1A00A9D63D /* main.c in Sources */ = {isa = PBXBuildFile; fileRef = 4FC0C2131E9F3B1A00A9D63D /* main.c */; };
		4FD55BC21E9E00DA00FFEE59 /* cursor.c in Sources */ = {isa = PBXBuildFile; fileRef = 4FD55BC01E9E00DA00FFEE59 /* cursor.c */; };
		4FD55BCA1E9E179C00FFEE59 /* main.c in Sources */ = {isa = PBXBuildFile; fileRef = 4FD55BC91E9E179C00FFEE59 /* main.c */; };
		4FD55BD01E9E17BB00FFEE59 /* stackar.c in Sources */ = {isa = PBXBuildFile; fileRef = 4FD55BCE1E9E17BB00FFEE59 /* stackar.c */; };
/* End PBXBuildFile section */

/* Begin PBXCopyFilesBuildPhase section */
		351509F21FDD347B00465413 /* CopyFiles */ = {
			isa = PBXCopyFilesBuildPhase;
			buildActionMask = 2147483647;
			dstPath = /usr/share/man/man1/;
			dstSubfolderSpec = 0;
			files = (
			);
			runOnlyForDeploymentPostprocessing = 1;
		};
		35D42D271FD7D0A800A8C9A5 /* CopyFiles */ = {
			isa = PBXCopyFilesBuildPhase;
			buildActionMask = 2147483647;
			dstPath = /usr/share/man/man1/;
			dstSubfolderSpec = 0;
			files = (
			);
			runOnlyForDeploymentPostprocessing = 1;
		};
		35E2CFA51FD8EE1500BF7EF2 /* CopyFiles */ = {
			isa = PBXCopyFilesBuildPhase;
			buildActionMask = 2147483647;
			dstPath = /usr/share/man/man1/;
			dstSubfolderSpec = 0;
			files = (
			);
			runOnlyForDeploymentPostprocessing = 1;
		};
		4F17B7A41E9DBF2C00EDEEBA /* CopyFiles */ = {
			isa = PBXCopyFilesBuildPhase;
			buildActionMask = 2147483647;
			dstPath = /usr/share/man/man1/;
			dstSubfolderSpec = 0;
			files = (
			);
			runOnlyForDeploymentPostprocessing = 1;
		};
		4FC0C20F1E9F3B1A00A9D63D /* CopyFiles */ = {
			isa = PBXCopyFilesBuildPhase;
			buildActionMask = 2147483647;
			dstPath = /usr/share/man/man1/;
			dstSubfolderSpec = 0;
			files = (
			);
			runOnlyForDeploymentPostprocessing = 1;
		};
		4FD55BC51E9E179C00FFEE59 /* CopyFiles */ = {
			isa = PBXCopyFilesBuildPhase;
			buildActionMask = 2147483647;
			dstPath = /usr/share/man/man1/;
			dstSubfolderSpec = 0;
			files = (
			);
			runOnlyForDeploymentPostprocessing = 1;
		};
/* End PBXCopyFilesBuildPhase section */

/* Begin PBXFileReference section */
		351509EF1FDD330000465413 /* deleteMin.png */ = {isa = PBXFileReference; lastKnownFileType = image.png; path = deleteMin.png; sourceTree = "<group>"; };
		351509F41FDD347B00465413 /* Sort */ = {isa = PBXFileReference; explicitFileType = "compiled.mach-o.executable"; includeInIndex = 0; path = Sort; sourceTree = BUILT_PRODUCTS_DIR; };
		351509F61FDD347B00465413 /* main.c */ = {isa = PBXFileReference; lastKnownFileType = sourcecode.c.c; path = main.c; sourceTree = "<group>"; };
		352542C51FDD4FC600501AF9 /* shellSort.jpg */ = {isa = PBXFileReference; lastKnownFileType = image.jpeg; path = shellSort.jpg; sourceTree = "<group>"; };
		35C632AD1FF22153002A5BA2 /* PercolateDown_to_buidHeap.png */ = {isa = PBXFileReference; lastKnownFileType = image.png; path = PercolateDown_to_buidHeap.png; sourceTree = "<group>"; };
		35D42D291FD7D0A800A8C9A5 /* Queue */ = {isa = PBXFileReference; explicitFileType = "compiled.mach-o.executable"; includeInIndex = 0; path = Queue; sourceTree = BUILT_PRODUCTS_DIR; };
		35D42D2B1FD7D0A800A8C9A5 /* main.c */ = {isa = PBXFileReference; lastKnownFileType = sourcecode.c.c; path = main.c; sourceTree = "<group>"; };
		35D42D301FD7D0C400A8C9A5 /* queue.h */ = {isa = PBXFileReference; lastKnownFileType = sourcecode.c.h; name = queue.h; path = queue/queue.h; sourceTree = SOURCE_ROOT; };
		35D42D311FD7D0C400A8C9A5 /* queue.c */ = {isa = PBXFileReference; lastKnownFileType = sourcecode.c.c; name = queue.c; path = queue/queue.c; sourceTree = SOURCE_ROOT; };
		35D42D331FD7E53000A8C9A5 /* ADTTree.h */ = {isa = PBXFileReference; lastKnownFileType = sourcecode.c.h; path = ADTTree.h; sourceTree = "<group>"; };
		35D42D341FD7E53000A8C9A5 /* ADTTree.c */ = {isa = PBXFileReference; lastKnownFileType = sourcecode.c.c; path = ADTTree.c; sourceTree = "<group>"; };
		35D42D361FD7FBBF00A8C9A5 /* AVLTree.h */ = {isa = PBXFileReference; lastKnownFileType = sourcecode.c.h; path = AVLTree.h; sourceTree = "<group>"; };
		35D42D371FD7FBBF00A8C9A5 /* AVLTree.c */ = {isa = PBXFileReference; lastKnownFileType = sourcecode.c.c; path = AVLTree.c; sourceTree = "<group>"; };
		35E2CFA11FD8D29A00BF7EF2 /* ADT1.png */ = {isa = PBXFileReference; lastKnownFileType = image.png; path = ADT1.png; sourceTree = "<group>"; };
		35E2CFA21FD8D2A200BF7EF2 /* ADT2.png */ = {isa = PBXFileReference; lastKnownFileType = image.png; path = ADT2.png; sourceTree = "<group>"; };
		35E2CFA71FD8EE1500BF7EF2 /* Heap */ = {isa = PBXFileReference; explicitFileType = "compiled.mach-o.executable"; includeInIndex = 0; path = Heap; sourceTree = BUILT_PRODUCTS_DIR; };
		35E2CFA91FD8EE1500BF7EF2 /* main.c */ = {isa = PBXFileReference; lastKnownFileType = sourcecode.c.c; path = main.c; sourceTree = "<group>"; };
		35E2CFAE1FD905BD00BF7EF2 /* BinHeap.h */ = {isa = PBXFileReference; lastKnownFileType = sourcecode.c.h; path = BinHeap.h; sourceTree = "<group>"; };
		35E2CFAF1FD905BD00BF7EF2 /* BinHeap.c */ = {isa = PBXFileReference; lastKnownFileType = sourcecode.c.c; path = BinHeap.c; sourceTree = "<group>"; };
		4F17B7A61E9DBF2C00EDEEBA /* C_practice */ = {isa = PBXFileReference; explicitFileType = "compiled.mach-o.executable"; includeInIndex = 0; path = C_practice; sourceTree = BUILT_PRODUCTS_DIR; };
		4F17B7A91E9DBF2C00EDEEBA /* main.c */ = {isa = PBXFileReference; lastKnownFileType = sourcecode.c.c; path = main.c; sourceTree = "<group>"; };
		4F17B7B01E9DBF4000EDEEBA /* list.c */ = {isa = PBXFileReference; fileEncoding = 4; lastKnownFileType = sourcecode.c.c; path = list.c; sourceTree = "<group>"; };
		4F17B7B11E9DBF4000EDEEBA /* list.h */ = {isa = PBXFileReference; fileEncoding = 4; lastKnownFileType = sourcecode.c.h; path = list.h; sourceTree = "<group>"; };
		4FC0C1FE1E9F1F5900A9D63D /* stackli.c */ = {isa = PBXFileReference; fileEncoding = 4; lastKnownFileType = sourcecode.c.c; path = stackli.c; sourceTree = "<group>"; };
		4FC0C1FF1E9F1F5900A9D63D /* stackli.h */ = {isa = PBXFileReference; fileEncoding = 4; lastKnownFileType = sourcecode.c.h; path = stackli.h; sourceTree = "<group>"; };
		4FC0C2011E9F205000A9D63D /* readme.md */ = {isa = PBXFileReference; fileEncoding = 4; lastKnownFileType = net.daringfireball.markdown; path = readme.md; sourceTree = "<group>"; };
		4FC0C2041E9F347800A9D63D /* MyList.c */ = {isa = PBXFileReference; fileEncoding = 4; lastKnownFileType = sourcecode.c.c; path = MyList.c; sourceTree = "<group>"; };
		4FC0C2051E9F347800A9D63D /* MyList.h */ = {isa = PBXFileReference; fileEncoding = 4; lastKnownFileType = sourcecode.c.h; path = MyList.h; sourceTree = "<group>"; };
		4FC0C2071E9F34B500A9D63D /* fatal.h */ = {isa = PBXFileReference; fileEncoding = 4; lastKnownFileType = sourcecode.c.h; path = fatal.h; sourceTree = "<group>"; };
		4FC0C2091E9F370E00A9D63D /* CaculateBasic.c */ = {isa = PBXFileReference; fileEncoding = 4; lastKnownFileType = sourcecode.c.c; path = CaculateBasic.c; sourceTree = "<group>"; };
		4FC0C20A1E9F370E00A9D63D /* CaculateBasic.h */ = {isa = PBXFileReference; fileEncoding = 4; lastKnownFileType = sourcecode.c.h; path = CaculateBasic.h; sourceTree = "<group>"; };
		4FC0C2111E9F3B1A00A9D63D /* tree */ = {isa = PBXFileReference; explicitFileType = "compiled.mach-o.executable"; includeInIndex = 0; path = tree; sourceTree = BUILT_PRODUCTS_DIR; };
		4FC0C2131E9F3B1A00A9D63D /* main.c */ = {isa = PBXFileReference; lastKnownFileType = sourcecode.c.c; path = main.c; sourceTree = "<group>"; };
		4FD55BC01E9E00DA00FFEE59 /* cursor.c */ = {isa = PBXFileReference; fileEncoding = 4; lastKnownFileType = sourcecode.c.c; path = cursor.c; sourceTree = "<group>"; };
		4FD55BC11E9E00DA00FFEE59 /* cursor.h */ = {isa = PBXFileReference; fileEncoding = 4; lastKnownFileType = sourcecode.c.h; path = cursor.h; sourceTree = "<group>"; };
		4FD55BC71E9E179C00FFEE59 /* Stack */ = {isa = PBXFileReference; explicitFileType = "compiled.mach-o.executable"; includeInIndex = 0; path = Stack; sourceTree = BUILT_PRODUCTS_DIR; };
		4FD55BC91E9E179C00FFEE59 /* main.c */ = {isa = PBXFileReference; lastKnownFileType = sourcecode.c.c; path = main.c; sourceTree = "<group>"; };
		4FD55BCE1E9E17BB00FFEE59 /* stackar.c */ = {isa = PBXFileReference; fileEncoding = 4; lastKnownFileType = sourcecode.c.c; path = stackar.c; sourceTree = "<group>"; };
		4FD55BCF1E9E17BB00FFEE59 /* stackar.h */ = {isa = PBXFileReference; fileEncoding = 4; lastKnownFileType = sourcecode.c.h; path = stackar.h; sourceTree = "<group>"; };
/* End PBXFileReference section */

/* Begin PBXFrameworksBuildPhase section */
		351509F11FDD347B00465413 /* Frameworks */ = {
			isa = PBXFrameworksBuildPhase;
			buildActionMask = 2147483647;
			files = (
			);
			runOnlyForDeploymentPostprocessing = 0;
		};
		35D42D261FD7D0A800A8C9A5 /* Frameworks */ = {
			isa = PBXFrameworksBuildPhase;
			buildActionMask = 2147483647;
			files = (
			);
			runOnlyForDeploymentPostprocessing = 0;
		};
		35E2CFA41FD8EE1500BF7EF2 /* Frameworks */ = {
			isa = PBXFrameworksBuildPhase;
			buildActionMask = 2147483647;
			files = (
			);
			runOnlyForDeploymentPostprocessing = 0;
		};
		4F17B7A31E9DBF2C00EDEEBA /* Frameworks */ = {
			isa = PBXFrameworksBuildPhase;
			buildActionMask = 2147483647;
			files = (
			);
			runOnlyForDeploymentPostprocessing = 0;
		};
		4FC0C20E1E9F3B1A00A9D63D /* Frameworks */ = {
			isa = PBXFrameworksBuildPhase;
			buildActionMask = 2147483647;
			files = (
			);
			runOnlyForDeploymentPostprocessing = 0;
		};
		4FD55BC41E9E179C00FFEE59 /* Frameworks */ = {
			isa = PBXFrameworksBuildPhase;
			buildActionMask = 2147483647;
			files = (
			);
			runOnlyForDeploymentPostprocessing = 0;
		};
/* End PBXFrameworksBuildPhase section */

/* Begin PBXGroup section */
		351509F51FDD347B00465413 /* Sort */ = {
			isa = PBXGroup;
			children = (
				352542C51FDD4FC600501AF9 /* shellSort.jpg */,
				35C632AD1FF22153002A5BA2 /* PercolateDown_to_buidHeap.png */,
				351509F61FDD347B00465413 /* main.c */,
			);
			path = Sort;
			sourceTree = "<group>";
		};
		35D42D2A1FD7D0A800A8C9A5 /* Queue */ = {
			isa = PBXGroup;
			children = (
				35D42D2B1FD7D0A800A8C9A5 /* main.c */,
				35D42D301FD7D0C400A8C9A5 /* queue.h */,
				35D42D311FD7D0C400A8C9A5 /* queue.c */,
			);
			path = Queue;
			sourceTree = "<group>";
		};
		35E2CFA81FD8EE1500BF7EF2 /* Heap */ = {
			isa = PBXGroup;
			children = (
				35E2CFA91FD8EE1500BF7EF2 /* main.c */,
				35E2CFAE1FD905BD00BF7EF2 /* BinHeap.h */,
				35E2CFAF1FD905BD00BF7EF2 /* BinHeap.c */,
				351509EF1FDD330000465413 /* deleteMin.png */,
			);
			path = Heap;
			sourceTree = "<group>";
		};
		4F17B79D1E9DBF2C00EDEEBA = {
			isa = PBXGroup;
			children = (
				4FC0C2071E9F34B500A9D63D /* fatal.h */,
				4FC0C2011E9F205000A9D63D /* readme.md */,
				4F17B7A81E9DBF2C00EDEEBA /* List */,
				4FD55BC81E9E179C00FFEE59 /* Stack */,
				4FC0C2121E9F3B1A00A9D63D /* tree */,
				35D42D2A1FD7D0A800A8C9A5 /* Queue */,
				35E2CFA81FD8EE1500BF7EF2 /* Heap */,
				351509F51FDD347B00465413 /* Sort */,
				4F17B7A71E9DBF2C00EDEEBA /* Products */,
			);
			sourceTree = "<group>";
		};
		4F17B7A71E9DBF2C00EDEEBA /* Products */ = {
			isa = PBXGroup;
			children = (
				4F17B7A61E9DBF2C00EDEEBA /* C_practice */,
				4FD55BC71E9E179C00FFEE59 /* Stack */,
				4FC0C2111E9F3B1A00A9D63D /* tree */,
				35D42D291FD7D0A800A8C9A5 /* Queue */,
				35E2CFA71FD8EE1500BF7EF2 /* Heap */,
				351509F41FDD347B00465413 /* Sort */,
			);
			name = Products;
			sourceTree = "<group>";
		};
		4F17B7A81E9DBF2C00EDEEBA /* List */ = {
			isa = PBXGroup;
			children = (
				4FC0C2031E9F346D00A9D63D /* MyList */,
				4F17B7B01E9DBF4000EDEEBA /* list.c */,
				4F17B7B11E9DBF4000EDEEBA /* list.h */,
				4FD55BC01E9E00DA00FFEE59 /* cursor.c */,
				4FD55BC11E9E00DA00FFEE59 /* cursor.h */,
				4F17B7A91E9DBF2C00EDEEBA /* main.c */,
			);
			name = List;
			path = C_practice;
			sourceTree = "<group>";
		};
		4FC0C2031E9F346D00A9D63D /* MyList */ = {
			isa = PBXGroup;
			children = (
				4FC0C2041E9F347800A9D63D /* MyList.c */,
				4FC0C2051E9F347800A9D63D /* MyList.h */,
			);
			name = MyList;
			sourceTree = "<group>";
		};
		4FC0C2081E9F36AD00A9D63D /* Mystack */ = {
			isa = PBXGroup;
			children = (
				4FC0C2091E9F370E00A9D63D /* CaculateBasic.c */,
				4FC0C20A1E9F370E00A9D63D /* CaculateBasic.h */,
			);
			name = Mystack;
			sourceTree = "<group>";
		};
		4FC0C2121E9F3B1A00A9D63D /* tree */ = {
			isa = PBXGroup;
			children = (
				4FC0C2131E9F3B1A00A9D63D /* main.c */,
				35E2CFA11FD8D29A00BF7EF2 /* ADT1.png */,
				35E2CFA21FD8D2A200BF7EF2 /* ADT2.png */,
				35D42D331FD7E53000A8C9A5 /* ADTTree.h */,
				35D42D341FD7E53000A8C9A5 /* ADTTree.c */,
				35D42D361FD7FBBF00A8C9A5 /* AVLTree.h */,
				35D42D371FD7FBBF00A8C9A5 /* AVLTree.c */,
			);
			path = tree;
			sourceTree = "<group>";
		};
		4FD55BC81E9E179C00FFEE59 /* Stack */ = {
			isa = PBXGroup;
			children = (
				4FC0C2081E9F36AD00A9D63D /* Mystack */,
				4FC0C1FE1E9F1F5900A9D63D /* stackli.c */,
				4FC0C1FF1E9F1F5900A9D63D /* stackli.h */,
				4FD55BCE1E9E17BB00FFEE59 /* stackar.c */,
				4FD55BCF1E9E17BB00FFEE59 /* stackar.h */,
				4FD55BC91E9E179C00FFEE59 /* main.c */,
			);
			path = Stack;
			sourceTree = "<group>";
		};
/* End PBXGroup section */

/* Begin PBXNativeTarget section */
		351509F31FDD347B00465413 /* Sort */ = {
			isa = PBXNativeTarget;
			buildConfigurationList = 351509F81FDD347B00465413 /* Build configuration list for PBXNativeTarget "Sort" */;
			buildPhases = (
				351509F01FDD347B00465413 /* Sources */,
				351509F11FDD347B00465413 /* Frameworks */,
				351509F21FDD347B00465413 /* CopyFiles */,
			);
			buildRules = (
			);
			dependencies = (
			);
			name = Sort;
			productName = Sort;
			productReference = 351509F41FDD347B00465413 /* Sort */;
			productType = "com.apple.product-type.tool";
		};
		35D42D281FD7D0A800A8C9A5 /* Queue */ = {
			isa = PBXNativeTarget;
			buildConfigurationList = 35D42D2D1FD7D0A800A8C9A5 /* Build configuration list for PBXNativeTarget "Queue" */;
			buildPhases = (
				35D42D251FD7D0A800A8C9A5 /* Sources */,
				35D42D261FD7D0A800A8C9A5 /* Frameworks */,
				35D42D271FD7D0A800A8C9A5 /* CopyFiles */,
			);
			buildRules = (
			);
			dependencies = (
			);
			name = Queue;
			productName = Queue;
			productReference = 35D42D291FD7D0A800A8C9A5 /* Queue */;
			productType = "com.apple.product-type.tool";
		};
		35E2CFA61FD8EE1500BF7EF2 /* Heap */ = {
			isa = PBXNativeTarget;
			buildConfigurationList = 35E2CFAB1FD8EE1500BF7EF2 /* Build configuration list for PBXNativeTarget "Heap" */;
			buildPhases = (
				35E2CFA31FD8EE1500BF7EF2 /* Sources */,
				35E2CFA41FD8EE1500BF7EF2 /* Frameworks */,
				35E2CFA51FD8EE1500BF7EF2 /* CopyFiles */,
			);
			buildRules = (
			);
			dependencies = (
			);
			name = Heap;
			productName = Heap;
			productReference = 35E2CFA71FD8EE1500BF7EF2 /* Heap */;
			productType = "com.apple.product-type.tool";
		};
		4F17B7A51E9DBF2C00EDEEBA /* C_practice */ = {
			isa = PBXNativeTarget;
			buildConfigurationList = 4F17B7AD1E9DBF2C00EDEEBA /* Build configuration list for PBXNativeTarget "C_practice" */;
			buildPhases = (
				4F17B7A21E9DBF2C00EDEEBA /* Sources */,
				4F17B7A31E9DBF2C00EDEEBA /* Frameworks */,
				4F17B7A41E9DBF2C00EDEEBA /* CopyFiles */,
			);
			buildRules = (
			);
			dependencies = (
			);
			name = C_practice;
			productName = C_practice;
			productReference = 4F17B7A61E9DBF2C00EDEEBA /* C_practice */;
			productType = "com.apple.product-type.tool";
		};
		4FC0C2101E9F3B1A00A9D63D /* tree */ = {
			isa = PBXNativeTarget;
			buildConfigurationList = 4FC0C2151E9F3B1A00A9D63D /* Build configuration list for PBXNativeTarget "tree" */;
			buildPhases = (
				4FC0C20D1E9F3B1A00A9D63D /* Sources */,
				4FC0C20E1E9F3B1A00A9D63D /* Frameworks */,
				4FC0C20F1E9F3B1A00A9D63D /* CopyFiles */,
			);
			buildRules = (
			);
			dependencies = (
			);
			name = tree;
			productName = tree;
			productReference = 4FC0C2111E9F3B1A00A9D63D /* tree */;
			productType = "com.apple.product-type.tool";
		};
		4FD55BC61E9E179C00FFEE59 /* Stack */ = {
			isa = PBXNativeTarget;
			buildConfigurationList = 4FD55BCB1E9E179C00FFEE59 /* Build configuration list for PBXNativeTarget "Stack" */;
			buildPhases = (
				4FD55BC31E9E179C00FFEE59 /* Sources */,
				4FD55BC41E9E179C00FFEE59 /* Frameworks */,
				4FD55BC51E9E179C00FFEE59 /* CopyFiles */,
			);
			buildRules = (
			);
			dependencies = (
			);
			name = Stack;
			productName = Stack;
			productReference = 4FD55BC71E9E179C00FFEE59 /* Stack */;
			productType = "com.apple.product-type.tool";
		};
/* End PBXNativeTarget section */

/* Begin PBXProject section */
		4F17B79E1E9DBF2C00EDEEBA /* Project object */ = {
			isa = PBXProject;
			attributes = {
				LastUpgradeCheck = 0820;
				ORGANIZATIONNAME = Leon;
				TargetAttributes = {
					351509F31FDD347B00465413 = {
						CreatedOnToolsVersion = 8.3.3;
						ProvisioningStyle = Automatic;
					};
					35D42D281FD7D0A800A8C9A5 = {
						CreatedOnToolsVersion = 9.1;
						ProvisioningStyle = Automatic;
					};
					35E2CFA61FD8EE1500BF7EF2 = {
						CreatedOnToolsVersion = 9.1;
						ProvisioningStyle = Automatic;
					};
					4F17B7A51E9DBF2C00EDEEBA = {
						CreatedOnToolsVersion = 8.2;
						DevelopmentTeam = 7C5K69AA8B;
						ProvisioningStyle = Automatic;
					};
					4FC0C2101E9F3B1A00A9D63D = {
						CreatedOnToolsVersion = 8.2;
						DevelopmentTeam = 7C5K69AA8B;
						ProvisioningStyle = Automatic;
					};
					4FD55BC61E9E179C00FFEE59 = {
						CreatedOnToolsVersion = 8.2;
						DevelopmentTeam = 7C5K69AA8B;
						ProvisioningStyle = Automatic;
					};
				};
			};
			buildConfigurationList = 4F17B7A11E9DBF2C00EDEEBA /* Build configuration list for PBXProject "C_practice" */;
			compatibilityVersion = "Xcode 3.2";
			developmentRegion = English;
			hasScannedForEncodings = 0;
			knownRegions = (
				en,
			);
			mainGroup = 4F17B79D1E9DBF2C00EDEEBA;
			productRefGroup = 4F17B7A71E9DBF2C00EDEEBA /* Products */;
			projectDirPath = "";
			projectRoot = "";
			targets = (
				4F17B7A51E9DBF2C00EDEEBA /* C_practice */,
				4FD55BC61E9E179C00FFEE59 /* Stack */,
				4FC0C2101E9F3B1A00A9D63D /* tree */,
				35D42D281FD7D0A800A8C9A5 /* Queue */,
				35E2CFA61FD8EE1500BF7EF2 /* Heap */,
				351509F31FDD347B00465413 /* Sort */,
			);
		};
/* End PBXProject section */

/* Begin PBXSourcesBuildPhase section */
		351509F01FDD347B00465413 /* Sources */ = {
			isa = PBXSourcesBuildPhase;
			buildActionMask = 2147483647;
			files = (
				351509F71FDD347B00465413 /* main.c in Sources */,
			);
			runOnlyForDeploymentPostprocessing = 0;
		};
		35D42D251FD7D0A800A8C9A5 /* Sources */ = {
			isa = PBXSourcesBuildPhase;
			buildActionMask = 2147483647;
			files = (
				35D42D2C1FD7D0A800A8C9A5 /* main.c in Sources */,
				35D42D321FD7D0C400A8C9A5 /* queue.c in Sources */,
			);
			runOnlyForDeploymentPostprocessing = 0;
		};
		35E2CFA31FD8EE1500BF7EF2 /* Sources */ = {
			isa = PBXSourcesBuildPhase;
			buildActionMask = 2147483647;
			files = (
				35E2CFAA1FD8EE1500BF7EF2 /* main.c in Sources */,
				35E2CFB01FD905BD00BF7EF2 /* BinHeap.c in Sources */,
			);
			runOnlyForDeploymentPostprocessing = 0;
		};
		4F17B7A21E9DBF2C00EDEEBA /* Sources */ = {
			isa = PBXSourcesBuildPhase;
			buildActionMask = 2147483647;
			files = (
				4FC0C20B1E9F370E00A9D63D /* CaculateBasic.c in Sources */,
				4F17B7AA1E9DBF2C00EDEEBA /* main.c in Sources */,
				4F17B7B21E9DBF4000EDEEBA /* list.c in Sources */,
				4FD55BC21E9E00DA00FFEE59 /* cursor.c in Sources */,
			);
			runOnlyForDeploymentPostprocessing = 0;
		};
		4FC0C20D1E9F3B1A00A9D63D /* Sources */ = {
			isa = PBXSourcesBuildPhase;
			buildActionMask = 2147483647;
			files = (
				35D42D381FD7FBBF00A8C9A5 /* AVLTree.c in Sources */,
				4FC0C2141E9F3B1A00A9D63D /* main.c in Sources */,
				35D42D351FD7E53000A8C9A5 /* ADTTree.c in Sources */,
			);
			runOnlyForDeploymentPostprocessing = 0;
		};
		4FD55BC31E9E179C00FFEE59 /* Sources */ = {
			isa = PBXSourcesBuildPhase;
			buildActionMask = 2147483647;
			files = (
				4FC0C20C1E9F370E00A9D63D /* CaculateBasic.c in Sources */,
				4FD55BCA1E9E179C00FFEE59 /* main.c in Sources */,
				4FC0C2001E9F1F5900A9D63D /* stackli.c in Sources */,
				4FC0C2021E9F205000A9D63D /* readme.md in Sources */,
				4FD55BD01E9E17BB00FFEE59 /* stackar.c in Sources */,
				4FC0C2061E9F347800A9D63D /* MyList.c in Sources */,
			);
			runOnlyForDeploymentPostprocessing = 0;
		};
/* End PBXSourcesBuildPhase section */

/* Begin XCBuildConfiguration section */
		351509F91FDD347B00465413 /* Debug */ = {
			isa = XCBuildConfiguration;
			buildSettings = {
				CLANG_ANALYZER_NUMBER_OBJECT_CONVERSION = YES_AGGRESSIVE;
				MACOSX_DEPLOYMENT_TARGET = 10.12;
				PRODUCT_NAME = "$(TARGET_NAME)";
			};
			name = Debug;
		};
		351509FA1FDD347B00465413 /* Release */ = {
			isa = XCBuildConfiguration;
			buildSettings = {
				CLANG_ANALYZER_NUMBER_OBJECT_CONVERSION = YES_AGGRESSIVE;
				MACOSX_DEPLOYMENT_TARGET = 10.12;
				PRODUCT_NAME = "$(TARGET_NAME)";
			};
			name = Release;
		};
		35D42D2E1FD7D0A800A8C9A5 /* Debug */ = {
			isa = XCBuildConfiguration;
			buildSettings = {
				CLANG_ANALYZER_NUMBER_OBJECT_CONVERSION = YES_AGGRESSIVE;
				CLANG_CXX_LANGUAGE_STANDARD = "gnu++14";
				CLANG_WARN_BLOCK_CAPTURE_AUTORELEASING = YES;
				CLANG_WARN_COMMA = YES;
				CLANG_WARN_NON_LITERAL_NULL_CONVERSION = YES;
				CLANG_WARN_OBJC_LITERAL_CONVERSION = YES;
				CLANG_WARN_RANGE_LOOP_ANALYSIS = YES;
				CLANG_WARN_STRICT_PROTOTYPES = YES;
				CLANG_WARN_UNGUARDED_AVAILABILITY = YES_AGGRESSIVE;
				CODE_SIGN_STYLE = Automatic;
				GCC_C_LANGUAGE_STANDARD = gnu11;
				MACOSX_DEPLOYMENT_TARGET = 10.13;
				PRODUCT_NAME = "$(TARGET_NAME)";
			};
			name = Debug;
		};
		35D42D2F1FD7D0A800A8C9A5 /* Release */ = {
			isa = XCBuildConfiguration;
			buildSettings = {
				CLANG_ANALYZER_NUMBER_OBJECT_CONVERSION = YES_AGGRESSIVE;
				CLANG_CXX_LANGUAGE_STANDARD = "gnu++14";
				CLANG_WARN_BLOCK_CAPTURE_AUTORELEASING = YES;
				CLANG_WARN_COMMA = YES;
				CLANG_WARN_NON_LITERAL_NULL_CONVERSION = YES;
				CLANG_WARN_OBJC_LITERAL_CONVERSION = YES;
				CLANG_WARN_RANGE_LOOP_ANALYSIS = YES;
				CLANG_WARN_STRICT_PROTOTYPES = YES;
				CLANG_WARN_UNGUARDED_AVAILABILITY = YES_AGGRESSIVE;
				CODE_SIGN_STYLE = Automatic;
				GCC_C_LANGUAGE_STANDARD = gnu11;
				MACOSX_DEPLOYMENT_TARGET = 10.13;
				PRODUCT_NAME = "$(TARGET_NAME)";
			};
			name = Release;
		};
		35E2CFAC1FD8EE1500BF7EF2 /* Debug */ = {
			isa = XCBuildConfiguration;
			buildSettings = {
				CLANG_ANALYZER_NUMBER_OBJECT_CONVERSION = YES_AGGRESSIVE;
				CLANG_CXX_LANGUAGE_STANDARD = "gnu++14";
				CLANG_WARN_BLOCK_CAPTURE_AUTORELEASING = YES;
				CLANG_WARN_COMMA = YES;
				CLANG_WARN_NON_LITERAL_NULL_CONVERSION = YES;
				CLANG_WARN_OBJC_LITERAL_CONVERSION = YES;
				CLANG_WARN_RANGE_LOOP_ANALYSIS = YES;
				CLANG_WARN_STRICT_PROTOTYPES = YES;
				CLANG_WARN_UNGUARDED_AVAILABILITY = YES_AGGRESSIVE;
				CODE_SIGN_STYLE = Automatic;
				GCC_C_LANGUAGE_STANDARD = gnu11;
				MACOSX_DEPLOYMENT_TARGET = 10.13;
				PRODUCT_NAME = "$(TARGET_NAME)";
			};
			name = Debug;
		};
		35E2CFAD1FD8EE1500BF7EF2 /* Release */ = {
			isa = XCBuildConfiguration;
			buildSettings = {
				CLANG_ANALYZER_NUMBER_OBJECT_CONVERSION = YES_AGGRESSIVE;
				CLANG_CXX_LANGUAGE_STANDARD = "gnu++14";
				CLANG_WARN_BLOCK_CAPTURE_AUTORELEASING = YES;
				CLANG_WARN_COMMA = YES;
				CLANG_WARN_NON_LITERAL_NULL_CONVERSION = YES;
				CLANG_WARN_OBJC_LITERAL_CONVERSION = YES;
				CLANG_WARN_RANGE_LOOP_ANALYSIS = YES;
				CLANG_WARN_STRICT_PROTOTYPES = YES;
				CLANG_WARN_UNGUARDED_AVAILABILITY = YES_AGGRESSIVE;
				CODE_SIGN_STYLE = Automatic;
				GCC_C_LANGUAGE_STANDARD = gnu11;
				MACOSX_DEPLOYMENT_TARGET = 10.13;
				PRODUCT_NAME = "$(TARGET_NAME)";
			};
			name = Release;
		};
		4F17B7AB1E9DBF2C00EDEEBA /* Debug */ = {
			isa = XCBuildConfiguration;
			buildSettings = {
				ALWAYS_SEARCH_USER_PATHS = NO;
				CLANG_ANALYZER_NONNULL = YES;
				CLANG_CXX_LANGUAGE_STANDARD = "gnu++0x";
				CLANG_CXX_LIBRARY = "libc++";
				CLANG_ENABLE_MODULES = YES;
				CLANG_ENABLE_OBJC_ARC = YES;
				CLANG_WARN_BOOL_CONVERSION = YES;
				CLANG_WARN_CONSTANT_CONVERSION = YES;
				CLANG_WARN_DIRECT_OBJC_ISA_USAGE = YES_ERROR;
				CLANG_WARN_DOCUMENTATION_COMMENTS = YES;
				CLANG_WARN_EMPTY_BODY = YES;
				CLANG_WARN_ENUM_CONVERSION = YES;
				CLANG_WARN_INFINITE_RECURSION = YES;
				CLANG_WARN_INT_CONVERSION = YES;
				CLANG_WARN_OBJC_ROOT_CLASS = YES_ERROR;
				CLANG_WARN_SUSPICIOUS_MOVE = YES;
				CLANG_WARN_UNREACHABLE_CODE = YES;
				CLANG_WARN__DUPLICATE_METHOD_MATCH = YES;
				CODE_SIGN_IDENTITY = "-";
				COPY_PHASE_STRIP = NO;
				DEBUG_INFORMATION_FORMAT = dwarf;
				ENABLE_STRICT_OBJC_MSGSEND = YES;
				ENABLE_TESTABILITY = YES;
				GCC_C_LANGUAGE_STANDARD = gnu99;
				GCC_DYNAMIC_NO_PIC = NO;
				GCC_NO_COMMON_BLOCKS = YES;
				GCC_OPTIMIZATION_LEVEL = 0;
				GCC_PREPROCESSOR_DEFINITIONS = (
					"DEBUG=1",
					"$(inherited)",
				);
				GCC_WARN_64_TO_32_BIT_CONVERSION = YES;
				GCC_WARN_ABOUT_RETURN_TYPE = YES_ERROR;
				GCC_WARN_UNDECLARED_SELECTOR = YES;
				GCC_WARN_UNINITIALIZED_AUTOS = YES_AGGRESSIVE;
				GCC_WARN_UNUSED_FUNCTION = YES;
				GCC_WARN_UNUSED_VARIABLE = YES;
				MACOSX_DEPLOYMENT_TARGET = 10.11;
				MTL_ENABLE_DEBUG_INFO = YES;
				ONLY_ACTIVE_ARCH = YES;
				SDKROOT = macosx;
			};
			name = Debug;
		};
		4F17B7AC1E9DBF2C00EDEEBA /* Release */ = {
			isa = XCBuildConfiguration;
			buildSettings = {
				ALWAYS_SEARCH_USER_PATHS = NO;
				CLANG_ANALYZER_NONNULL = YES;
				CLANG_CXX_LANGUAGE_STANDARD = "gnu++0x";
				CLANG_CXX_LIBRARY = "libc++";
				CLANG_ENABLE_MODULES = YES;
				CLANG_ENABLE_OBJC_ARC = YES;
				CLANG_WARN_BOOL_CONVERSION = YES;
				CLANG_WARN_CONSTANT_CONVERSION = YES;
				CLANG_WARN_DIRECT_OBJC_ISA_USAGE = YES_ERROR;
				CLANG_WARN_DOCUMENTATION_COMMENTS = YES;
				CLANG_WARN_EMPTY_BODY = YES;
				CLANG_WARN_ENUM_CONVERSION = YES;
				CLANG_WARN_INFINITE_RECURSION = YES;
				CLANG_WARN_INT_CONVERSION = YES;
				CLANG_WARN_OBJC_ROOT_CLASS = YES_ERROR;
				CLANG_WARN_SUSPICIOUS_MOVE = YES;
				CLANG_WARN_UNREACHABLE_CODE = YES;
				CLANG_WARN__DUPLICATE_METHOD_MATCH = YES;
				CODE_SIGN_IDENTITY = "-";
				COPY_PHASE_STRIP = NO;
				DEBUG_INFORMATION_FORMAT = "dwarf-with-dsym";
				ENABLE_NS_ASSERTIONS = NO;
				ENABLE_STRICT_OBJC_MSGSEND = YES;
				GCC_C_LANGUAGE_STANDARD = gnu99;
				GCC_NO_COMMON_BLOCKS = YES;
				GCC_WARN_64_TO_32_BIT_CONVERSION = YES;
				GCC_WARN_ABOUT_RETURN_TYPE = YES_ERROR;
				GCC_WARN_UNDECLARED_SELECTOR = YES;
				GCC_WARN_UNINITIALIZED_AUTOS = YES_AGGRESSIVE;
				GCC_WARN_UNUSED_FUNCTION = YES;
				GCC_WARN_UNUSED_VARIABLE = YES;
				MACOSX_DEPLOYMENT_TARGET = 10.11;
				MTL_ENABLE_DEBUG_INFO = NO;
				SDKROOT = macosx;
			};
			name = Release;
		};
		4F17B7AE1E9DBF2C00EDEEBA /* Debug */ = {
			isa = XCBuildConfiguration;
			buildSettings = {
				DEVELOPMENT_TEAM = 7C5K69AA8B;
				PRODUCT_NAME = "$(TARGET_NAME)";
			};
			name = Debug;
		};
		4F17B7AF1E9DBF2C00EDEEBA /* Release */ = {
			isa = XCBuildConfiguration;
			buildSettings = {
				DEVELOPMENT_TEAM = 7C5K69AA8B;
				PRODUCT_NAME = "$(TARGET_NAME)";
			};
			name = Release;
		};
		4FC0C2161E9F3B1A00A9D63D /* Debug */ = {
			isa = XCBuildConfiguration;
			buildSettings = {
				DEVELOPMENT_TEAM = 7C5K69AA8B;
				PRODUCT_NAME = "$(TARGET_NAME)";
			};
			name = Debug;
		};
		4FC0C2171E9F3B1A00A9D63D /* Release */ = {
			isa = XCBuildConfiguration;
			buildSettings = {
				DEVELOPMENT_TEAM = 7C5K69AA8B;
				PRODUCT_NAME = "$(TARGET_NAME)";
			};
			name = Release;
		};
		4FD55BCC1E9E179C00FFEE59 /* Debug */ = {
			isa = XCBuildConfiguration;
			buildSettings = {
				DEVELOPMENT_TEAM = 7C5K69AA8B;
				PRODUCT_NAME = "$(TARGET_NAME)";
			};
			name = Debug;
		};
		4FD55BCD1E9E179C00FFEE59 /* Release */ = {
			isa = XCBuildConfiguration;
			buildSettings = {
				DEVELOPMENT_TEAM = 7C5K69AA8B;
				PRODUCT_NAME = "$(TARGET_NAME)";
			};
			name = Release;
		};
/* End XCBuildConfiguration section */

/* Begin XCConfigurationList section */
		351509F81FDD347B00465413 /* Build configuration list for PBXNativeTarget "Sort" */ = {
			isa = XCConfigurationList;
			buildConfigurations = (
				351509F91FDD347B00465413 /* Debug */,
				351509FA1FDD347B00465413 /* Release */,
			);
			defaultConfigurationIsVisible = 0;
			defaultConfigurationName = Release;
		};
		35D42D2D1FD7D0A800A8C9A5 /* Build configuration list for PBXNativeTarget "Queue" */ = {
			isa = XCConfigurationList;
			buildConfigurations = (
				35D42D2E1FD7D0A800A8C9A5 /* Debug */,
				35D42D2F1FD7D0A800A8C9A5 /* Release */,
			);
			defaultConfigurationIsVisible = 0;
			defaultConfigurationName = Release;
		};
		35E2CFAB1FD8EE1500BF7EF2 /* Build configuration list for PBXNativeTarget "Heap" */ = {
			isa = XCConfigurationList;
			buildConfigurations = (
				35E2CFAC1FD8EE1500BF7EF2 /* Debug */,
				35E2CFAD1FD8EE1500BF7EF2 /* Release */,
			);
			defaultConfigurationIsVisible = 0;
			defaultConfigurationName = Release;
		};
		4F17B7A11E9DBF2C00EDEEBA /* Build configuration list for PBXProject "C_practice" */ = {
			isa = XCConfigurationList;
			buildConfigurations = (
				4F17B7AB1E9DBF2C00EDEEBA /* Debug */,
				4F17B7AC1E9DBF2C00EDEEBA /* Release */,
			);
			defaultConfigurationIsVisible = 0;
			defaultConfigurationName = Release;
		};
		4F17B7AD1E9DBF2C00EDEEBA /* Build configuration list for PBXNativeTarget "C_practice" */ = {
			isa = XCConfigurationList;
			buildConfigurations = (
				4F17B7AE1E9DBF2C00EDEEBA /* Debug */,
				4F17B7AF1E9DBF2C00EDEEBA /* Release */,
			);
			defaultConfigurationIsVisible = 0;
			defaultConfigurationName = Release;
		};
		4FC0C2151E9F3B1A00A9D63D /* Build configuration list for PBXNativeTarget "tree" */ = {
			isa = XCConfigurationList;
			buildConfigurations = (
				4FC0C2161E9F3B1A00A9D63D /* Debug */,
				4FC0C2171E9F3B1A00A9D63D /* Release */,
			);
			defaultConfigurationIsVisible = 0;
			defaultConfigurationName = Release;
		};
		4FD55BCB1E9E179C00FFEE59 /* Build configuration list for PBXNativeTarget "Stack" */ = {
			isa = XCConfigurationList;
			buildConfigurations = (
				4FD55BCC1E9E179C00FFEE59 /* Debug */,
				4FD55BCD1E9E179C00FFEE59 /* Release */,
			);
			defaultConfigurationIsVisible = 0;
			defaultConfigurationName = Release;
		};
/* End XCConfigurationList section */
	};
	rootObject = 4F17B79E1E9DBF2C00EDEEBA /* Project object */;
}
